tinygo.org/x/drivers v0.28.0 h1:ROVrGGXddmpn2+oV/Bu3LceYbtPCJckmgIqvPcN/L0k=
tinygo.org/x/drivers v0.28.0/go.mod h1:T6snsUqS0RAxOANxiV81fQwLxDDNmprxTAYzmxoA7J0=
tinygo.org/x/tinyfs v0.4.0 h1:35/XmBXSZKz5eqAqkhe83i56qYLhyZ09JarforFoTNQ=
tinygo.org/x/tinyfs v0.4.0/go.mod h1:QM+MK9aXJKKgXZmHJHquzULUVB7h60nIJQmOyKDyA1E=
